// !$*UTF8*$!
{
	archiveVersion = 1;
	classes = {
	};
	objectVersion = 46;
	objects = {

/* Begin PBXBuildFile section */
		4879A2BF1A30427800E8059E /* AppDelegate.swift in Sources */ = {isa = PBXBuildFile; fileRef = 4879A2BE1A30427800E8059E /* AppDelegate.swift */; };
		4879A2C11A30427800E8059E /* MasterViewController.swift in Sources */ = {isa = PBXBuildFile; fileRef = 4879A2C01A30427800E8059E /* MasterViewController.swift */; };
		4879A2C31A30427800E8059E /* DetailViewController.swift in Sources */ = {isa = PBXBuildFile; fileRef = 4879A2C21A30427800E8059E /* DetailViewController.swift */; };
		4879A2C61A30427800E8059E /* Main.storyboard in Resources */ = {isa = PBXBuildFile; fileRef = 4879A2C41A30427800E8059E /* Main.storyboard */; };
		4879A2C81A30427800E8059E /* Images.xcassets in Resources */ = {isa = PBXBuildFile; fileRef = 4879A2C71A30427800E8059E /* Images.xcassets */; };
		4879A2CB1A30427800E8059E /* LaunchScreen.xib in Resources */ = {isa = PBXBuildFile; fileRef = 4879A2C91A30427800E8059E /* LaunchScreen.xib */; };
		4879A2D71A30427800E8059E /* PublicLibraryTests.swift in Sources */ = {isa = PBXBuildFile; fileRef = 4879A2D61A30427800E8059E /* PublicLibraryTests.swift */; };
		4879A2E11A3042C600E8059E /* Book.swift in Sources */ = {isa = PBXBuildFile; fileRef = 4879A2E01A3042C600E8059E /* Book.swift */; };
		4879A2E31A30468500E8059E /* Shelf.swift in Sources */ = {isa = PBXBuildFile; fileRef = 4879A2E21A30468500E8059E /* Shelf.swift */; };
		4879A2E51A30494100E8059E /* Library.swift in Sources */ = {isa = PBXBuildFile; fileRef = 4879A2E41A30494100E8059E /* Library.swift */; };
/* End PBXBuildFile section */

/* Begin PBXContainerItemProxy section */
		4879A2D11A30427800E8059E /* PBXContainerItemProxy */ = {
			isa = PBXContainerItemProxy;
			containerPortal = 4879A2B11A30427800E8059E /* Project object */;
			proxyType = 1;
			remoteGlobalIDString = 4879A2B81A30427800E8059E;
			remoteInfo = PublicLibrary;
		};
/* End PBXContainerItemProxy section */

/* Begin PBXFileReference section */
		4879A2B91A30427800E8059E /* PublicLibrary.app */ = {isa = PBXFileReference; explicitFileType = wrapper.application; includeInIndex = 0; path = PublicLibrary.app; sourceTree = BUILT_PRODUCTS_DIR; };
		4879A2BD1A30427800E8059E /* Info.plist */ = {isa = PBXFileReference; lastKnownFileType = text.plist.xml; path = Info.plist; sourceTree = "<group>"; };
		4879A2BE1A30427800E8059E /* AppDelegate.swift */ = {isa = PBXFileReference; lastKnownFileType = sourcecode.swift; path = AppDelegate.swift; sourceTree = "<group>"; };
		4879A2C01A30427800E8059E /* MasterViewController.swift */ = {isa = PBXFileReference; lastKnownFileType = sourcecode.swift; path = MasterViewController.swift; sourceTree = "<group>"; };
		4879A2C21A30427800E8059E /* DetailViewController.swift */ = {isa = PBXFileReference; lastKnownFileType = sourcecode.swift; path = DetailViewController.swift; sourceTree = "<group>"; };
		4879A2C51A30427800E8059E /* Base */ = {isa = PBXFileReference; lastKnownFileType = file.storyboard; name = Base; path = Base.lproj/Main.storyboard; sourceTree = "<group>"; };
		4879A2C71A30427800E8059E /* Images.xcassets */ = {isa = PBXFileReference; lastKnownFileType = folder.assetcatalog; path = Images.xcassets; sourceTree = "<group>"; };
		4879A2CA1A30427800E8059E /* Base */ = {isa = PBXFileReference; lastKnownFileType = file.xib; name = Base; path = Base.lproj/LaunchScreen.xib; sourceTree = "<group>"; };
		4879A2D01A30427800E8059E /* PublicLibraryTests.xctest */ = {isa = PBXFileReference; explicitFileType = wrapper.cfbundle; includeInIndex = 0; path = PublicLibraryTests.xctest; sourceTree = BUILT_PRODUCTS_DIR; };
		4879A2D51A30427800E8059E /* Info.plist */ = {isa = PBXFileReference; lastKnownFileType = text.plist.xml; path = Info.plist; sourceTree = "<group>"; };
		4879A2D61A30427800E8059E /* PublicLibraryTests.swift */ = {isa = PBXFileReference; lastKnownFileType = sourcecode.swift; path = PublicLibraryTests.swift; sourceTree = "<group>"; };
		4879A2E01A3042C600E8059E /* Book.swift */ = {isa = PBXFileReference; fileEncoding = 4; lastKnownFileType = sourcecode.swift; path = Book.swift; sourceTree = "<group>"; };
		4879A2E21A30468500E8059E /* Shelf.swift */ = {isa = PBXFileReference; fileEncoding = 4; lastKnownFileType = sourcecode.swift; path = Shelf.swift; sourceTree = "<group>"; };
		4879A2E41A30494100E8059E /* Library.swift */ = {isa = PBXFileReference; fileEncoding = 4; lastKnownFileType = sourcecode.swift; path = Library.swift; sourceTree = "<group>"; };
/* End PBXFileReference section */

/* Begin PBXFrameworksBuildPhase section */
		4879A2B61A30427800E8059E /* Frameworks */ = {
			isa = PBXFrameworksBuildPhase;
			buildActionMask = 2147483647;
			files = (
			);
			runOnlyForDeploymentPostprocessing = 0;
		};
		4879A2CD1A30427800E8059E /* Frameworks */ = {
			isa = PBXFrameworksBuildPhase;
			buildActionMask = 2147483647;
			files = (
			);
			runOnlyForDeploymentPostprocessing = 0;
		};
/* End PBXFrameworksBuildPhase section */

/* Begin PBXGroup section */
		4879A2B01A30427800E8059E = {
			isa = PBXGroup;
			children = (
				4879A2BB1A30427800E8059E /* PublicLibrary */,
				4879A2D31A30427800E8059E /* PublicLibraryTests */,
				4879A2BA1A30427800E8059E /* Products */,
			);
			sourceTree = "<group>";
		};
		4879A2BA1A30427800E8059E /* Products */ = {
			isa = PBXGroup;
			children = (
				4879A2B91A30427800E8059E /* PublicLibrary.app */,
				4879A2D01A30427800E8059E /* PublicLibraryTests.xctest */,
			);
			name = Products;
			sourceTree = "<group>";
		};
		4879A2BB1A30427800E8059E /* PublicLibrary */ = {
			isa = PBXGroup;
			children = (
				4879A2BE1A30427800E8059E /* AppDelegate.swift */,
				4879A2C01A30427800E8059E /* MasterViewController.swift */,
				4879A2C21A30427800E8059E /* DetailViewController.swift */,
				4879A2C41A30427800E8059E /* Main.storyboard */,
				4879A2C71A30427800E8059E /* Images.xcassets */,
				4879A2C91A30427800E8059E /* LaunchScreen.xib */,
				4879A2BC1A30427800E8059E /* Supporting Files */,
				4879A2E01A3042C600E8059E /* Book.swift */,
				4879A2E21A30468500E8059E /* Shelf.swift */,
				4879A2E41A30494100E8059E /* Library.swift */,
			);
			path = PublicLibrary;
			sourceTree = "<group>";
		};
		4879A2BC1A30427800E8059E /* Supporting Files */ = {
			isa = PBXGroup;
			children = (
				4879A2BD1A30427800E8059E /* Info.plist */,
			);
			name = "Supporting Files";
			sourceTree = "<group>";
		};
		4879A2D31A30427800E8059E /* PublicLibraryTests */ = {
			isa = PBXGroup;
			children = (
				4879A2D61A30427800E8059E /* PublicLibraryTests.swift */,
				4879A2D41A30427800E8059E /* Supporting Files */,
			);
			path = PublicLibraryTests;
			sourceTree = "<group>";
		};
		4879A2D41A30427800E8059E /* Supporting Files */ = {
			isa = PBXGroup;
			children = (
				4879A2D51A30427800E8059E /* Info.plist */,
			);
			name = "Supporting Files";
			sourceTree = "<group>";
		};
/* End PBXGroup section */

/* Begin PBXNativeTarget section */
		4879A2B81A30427800E8059E /* PublicLibrary */ = {
			isa = PBXNativeTarget;
			buildConfigurationList = 4879A2DA1A30427800E8059E /* Build configuration list for PBXNativeTarget "PublicLibrary" */;
			buildPhases = (
				4879A2B51A30427800E8059E /* Sources */,
				4879A2B61A30427800E8059E /* Frameworks */,
				4879A2B71A30427800E8059E /* Resources */,
			);
			buildRules = (
			);
			dependencies = (
			);
			name = PublicLibrary;
			productName = PublicLibrary;
			productReference = 4879A2B91A30427800E8059E /* PublicLibrary.app */;
			productType = "com.apple.product-type.application";
		};
		4879A2CF1A30427800E8059E /* PublicLibraryTests */ = {
			isa = PBXNativeTarget;
			buildConfigurationList = 4879A2DD1A30427800E8059E /* Build configuration list for PBXNativeTarget "PublicLibraryTests" */;
			buildPhases = (
				4879A2CC1A30427800E8059E /* Sources */,
				4879A2CD1A30427800E8059E /* Frameworks */,
				4879A2CE1A30427800E8059E /* Resources */,
			);
			buildRules = (
			);
			dependencies = (
				4879A2D21A30427800E8059E /* PBXTargetDependency */,
			);
			name = PublicLibraryTests;
			productName = PublicLibraryTests;
			productReference = 4879A2D01A30427800E8059E /* PublicLibraryTests.xctest */;
			productType = "com.apple.product-type.bundle.unit-test";
		};
/* End PBXNativeTarget section */

/* Begin PBXProject section */
		4879A2B11A30427800E8059E /* Project object */ = {
			isa = PBXProject;
			attributes = {
				LastUpgradeCheck = 0610;
				ORGANIZATIONNAME = "Rodrigo Carballo";
				TargetAttributes = {
					4879A2B81A30427800E8059E = {
						CreatedOnToolsVersion = 6.1;
					};
					4879A2CF1A30427800E8059E = {
						CreatedOnToolsVersion = 6.1;
						TestTargetID = 4879A2B81A30427800E8059E;
					};
				};
			};
			buildConfigurationList = 4879A2B41A30427800E8059E /* Build configuration list for PBXProject "PublicLibrary" */;
			compatibilityVersion = "Xcode 3.2";
			developmentRegion = English;
			hasScannedForEncodings = 0;
			knownRegions = (
				en,
				Base,
			);
			mainGroup = 4879A2B01A30427800E8059E;
			productRefGroup = 4879A2BA1A30427800E8059E /* Products */;
			projectDirPath = "";
			projectRoot = "";
			targets = (
				4879A2B81A30427800E8059E /* PublicLibrary */,
				4879A2CF1A30427800E8059E /* PublicLibraryTests */,
			);
		};
/* End PBXProject section */

/* Begin PBXResourcesBuildPhase section */
		4879A2B71A30427800E8059E /* Resources */ = {
			isa = PBXResourcesBuildPhase;
			buildActionMask = 2147483647;
			files = (
				4879A2C61A30427800E8059E /* Main.storyboard in Resources */,
				4879A2CB1A30427800E8059E /* LaunchScreen.xib in Resources */,
				4879A2C81A30427800E8059E /* Images.xcassets in Resources */,
			);
			runOnlyForDeploymentPostprocessing = 0;
		};
		4879A2CE1A30427800E8059E /* Resources */ = {
			isa = PBXResourcesBuildPhase;
			buildActionMask = 2147483647;
			files = (
			);
			runOnlyForDeploymentPostprocessing = 0;
		};
/* End PBXResourcesBuildPhase section */

/* Begin PBXSourcesBuildPhase section */
		4879A2B51A30427800E8059E /* Sources */ = {
			isa = PBXSourcesBuildPhase;
			buildActionMask = 2147483647;
			files = (
				4879A2E11A3042C600E8059E /* Book.swift in Sources */,
				4879A2E31A30468500E8059E /* Shelf.swift in Sources */,
				4879A2C31A30427800E8059E /* DetailViewController.swift in Sources */,
				4879A2C11A30427800E8059E /* MasterViewController.swift in Sources */,
				4879A2BF1A30427800E8059E /* AppDelegate.swift in Sources */,
				4879A2E51A30494100E8059E /* Library.swift in Sources */,
			);
			runOnlyForDeploymentPostprocessing = 0;
		};
		4879A2CC1A30427800E8059E /* Sources */ = {
			isa = PBXSourcesBuildPhase;
			buildActionMask = 2147483647;
			files = (
				4879A2D71A30427800E8059E /* PublicLibraryTests.swift in Sources */,
			);
			runOnlyForDeploymentPostprocessing = 0;
		};
/* End PBXSourcesBuildPhase section */

/* Begin PBXTargetDependency section */
		4879A2D21A30427800E8059E /* PBXTargetDependency */ = {
			isa = PBXTargetDependency;
			target = 4879A2B81A30427800E8059E /* PublicLibrary */;
			targetProxy = 4879A2D11A30427800E8059E /* PBXContainerItemProxy */;
		};
/* End PBXTargetDependency section */

/* Begin PBXVariantGroup section */
		4879A2C41A30427800E8059E /* Main.storyboard */ = {
			isa = PBXVariantGroup;
			children = (
				4879A2C51A30427800E8059E /* Base */,
			);
			name = Main.storyboard;
			sourceTree = "<group>";
		};
		4879A2C91A30427800E8059E /* LaunchScreen.xib */ = {
			isa = PBXVariantGroup;
			children = (
				4879A2CA1A30427800E8059E /* Base */,
			);
			name = LaunchScreen.xib;
			sourceTree = "<group>";
		};
/* End PBXVariantGroup section */

/* Begin XCBuildConfiguration section */
		4879A2D81A30427800E8059E /* Debug */ = {
			isa = XCBuildConfiguration;
			buildSettings = {
				ALWAYS_SEARCH_USER_PATHS = NO;
				CLANG_CXX_LANGUAGE_STANDARD = "gnu++0x";
				CLANG_CXX_LIBRARY = "libc++";
				CLANG_ENABLE_MODULES = YES;
				CLANG_ENABLE_OBJC_ARC = YES;
				CLANG_WARN_BOOL_CONVERSION = YES;
				CLANG_WARN_CONSTANT_CONVERSION = YES;
				CLANG_WARN_DIRECT_OBJC_ISA_USAGE = YES_ERROR;
				CLANG_WARN_EMPTY_BODY = YES;
				CLANG_WARN_ENUM_CONVERSION = YES;
				CLANG_WARN_INT_CONVERSION = YES;
				CLANG_WARN_OBJC_ROOT_CLASS = YES_ERROR;
				CLANG_WARN_UNREACHABLE_CODE = YES;
				CLANG_WARN__DUPLICATE_METHOD_MATCH = YES;
				"CODE_SIGN_IDENTITY[sdk=iphoneos*]" = "iPhone Developer";
				COPY_PHASE_STRIP = NO;
				ENABLE_STRICT_OBJC_MSGSEND = YES;
				GCC_C_LANGUAGE_STANDARD = gnu99;
				GCC_DYNAMIC_NO_PIC = NO;
				GCC_OPTIMIZATION_LEVEL = 0;
				GCC_PREPROCESSOR_DEFINITIONS = (
					"DEBUG=1",
					"$(inherited)",
				);
				GCC_SYMBOLS_PRIVATE_EXTERN = NO;
				GCC_WARN_64_TO_32_BIT_CONVERSION = YES;
				GCC_WARN_ABOUT_RETURN_TYPE = YES_ERROR;
				GCC_WARN_UNDECLARED_SELECTOR = YES;
				GCC_WARN_UNINITIALIZED_AUTOS = YES_AGGRESSIVE;
				GCC_WARN_UNUSED_FUNCTION = YES;
				GCC_WARN_UNUSED_VARIABLE = YES;
				IPHONEOS_DEPLOYMENT_TARGET = 8.1;
				MTL_ENABLE_DEBUG_INFO = YES;
				ONLY_ACTIVE_ARCH = YES;
				SDKROOT = iphoneos;
				SWIFT_OPTIMIZATION_LEVEL = "-Onone";
			};
			name = Debug;
		};
		4879A2D91A30427800E8059E /* Release */ = {
			isa = XCBuildConfiguration;
			buildSettings = {
				ALWAYS_SEARCH_USER_PATHS = NO;
				CLANG_CXX_LANGUAGE_STANDARD = "gnu++0x";
				CLANG_CXX_LIBRARY = "libc++";
				CLANG_ENABLE_MODULES = YES;
				CLANG_ENABLE_OBJC_ARC = YES;
				CLANG_WARN_BOOL_CONVERSION = YES;
				CLANG_WARN_CONSTANT_CONVERSION = YES;
				CLANG_WARN_DIRECT_OBJC_ISA_USAGE = YES_ERROR;
				CLANG_WARN_EMPTY_BODY = YES;
				CLANG_WARN_ENUM_CONVERSION = YES;
				CLANG_WARN_INT_CONVERSION = YES;
				CLANG_WARN_OBJC_ROOT_CLASS = YES_ERROR;
				CLANG_WARN_UNREACHABLE_CODE = YES;
				CLANG_WARN__DUPLICATE_METHOD_MATCH = YES;
				"CODE_SIGN_IDENTITY[sdk=iphoneos*]" = "iPhone Developer";
				COPY_PHASE_STRIP = YES;
				ENABLE_NS_ASSERTIONS = NO;
				ENABLE_STRICT_OBJC_MSGSEND = YES;
				GCC_C_LANGUAGE_STANDARD = gnu99;
				GCC_WARN_64_TO_32_BIT_CONVERSION = YES;
				GCC_WARN_ABOUT_RETURN_TYPE = YES_ERROR;
				GCC_WARN_UNDECLARED_SELECTOR = YES;
				GCC_WARN_UNINITIALIZED_AUTOS = YES_AGGRESSIVE;
				GCC_WARN_UNUSED_FUNCTION = YES;
				GCC_WARN_UNUSED_VARIABLE = YES;
				IPHONEOS_DEPLOYMENT_TARGET = 8.1;
				MTL_ENABLE_DEBUG_INFO = NO;
				SDKROOT = iphoneos;
				VALIDATE_PRODUCT = YES;
			};
			name = Release;
		};
		4879A2DB1A30427800E8059E /* Debug */ = {
			isa = XCBuildConfiguration;
			buildSettings = {
				ASSETCATALOG_COMPILER_APPICON_NAME = AppIcon;
				INFOPLIST_FILE = PublicLibrary/Info.plist;
				LD_RUNPATH_SEARCH_PATHS = "$(inherited) @executable_path/Frameworks";
				PRODUCT_NAME = "$(TARGET_NAME)";
			};
			name = Debug;
		};
		4879A2DC1A30427800E8059E /* Release */ = {
			isa = XCBuildConfiguration;
			buildSettings = {
				ASSETCATALOG_COMPILER_APPICON_NAME = AppIcon;
				INFOPLIST_FILE = PublicLibrary/Info.plist;
				LD_RUNPATH_SEARCH_PATHS = "$(inherited) @executable_path/Frameworks";
				PRODUCT_NAME = "$(TARGET_NAME)";
			};
			name = Release;
		};
		4879A2DE1A30427800E8059E /* Debug */ = {
			isa = XCBuildConfiguration;
			buildSettings = {
				BUNDLE_LOADER = "$(TEST_HOST)";
				FRAMEWORK_SEARCH_PATHS = (
					"$(SDKROOT)/Developer/Library/Frameworks",
					"$(inherited)",
				);
				GCC_PREPROCESSOR_DEFINITIONS = (
					"DEBUG=1",
					"$(inherited)",
				);
				INFOPLIST_FILE = PublicLibraryTests/Info.plist;
				LD_RUNPATH_SEARCH_PATHS = "$(inherited) @executable_path/Frameworks @loader_path/Frameworks";
				PRODUCT_NAME = "$(TARGET_NAME)";
				TEST_HOST = "$(BUILT_PRODUCTS_DIR)/PublicLibrary.app/PublicLibrary";
			};
			name = Debug;
		};
		4879A2DF1A30427800E8059E /* Release */ = {
			isa = XCBuildConfiguration;
			buildSettings = {
				BUNDLE_LOADER = "$(TEST_HOST)";
				FRAMEWORK_SEARCH_PATHS = (
					"$(SDKROOT)/Developer/Library/Frameworks",
					"$(inherited)",
				);
				INFOPLIST_FILE = PublicLibraryTests/Info.plist;
				LD_RUNPATH_SEARCH_PATHS = "$(inherited) @executable_path/Frameworks @loader_path/Frameworks";
				PRODUCT_NAME = "$(TARGET_NAME)";
				TEST_HOST = "$(BUILT_PRODUCTS_DIR)/PublicLibrary.app/PublicLibrary";
			};
			name = Release;
		};
/* End XCBuildConfiguration section */

/* Begin XCConfigurationList section */
		4879A2B41A30427800E8059E /* Build configuration list for PBXProject "PublicLibrary" */ = {
			isa = XCConfigurationList;
			buildConfigurations = (
				4879A2D81A30427800E8059E /* Debug */,
				4879A2D91A30427800E8059E /* Release */,
			);
			defaultConfigurationIsVisible = 0;
			defaultConfigurationName = Release;
		};
		4879A2DA1A30427800E8059E /* Build configuration list for PBXNativeTarget "PublicLibrary" */ = {
			isa = XCConfigurationList;
			buildConfigurations = (
				4879A2DB1A30427800E8059E /* Debug */,
				4879A2DC1A30427800E8059E /* Release */,
			);
			defaultConfigurationIsVisible = 0;
		};
		4879A2DD1A30427800E8059E /* Build configuration list for PBXNativeTarget "PublicLibraryTests" */ = {
			isa = XCConfigurationList;
			buildConfigurations = (
				4879A2DE1A30427800E8059E /* Debug */,
				4879A2DF1A30427800E8059E /* Release */,
			);
			defaultConfigurationIsVisible = 0;
		};
/* End XCConfigurationList section */
	};
	rootObject = 4879A2B11A30427800E8059E /* Project object */;
}
